
Microsoft Visual Studio Solution File, Format Version 12.00
# Visual Studio Version 16
VisualStudioVersion = 16.0.30002.166
MinimumVisualStudioVersion = 10.0.40219.1
Project("{FAE04EC0-301F-11D3-BF4B-00C04F79EFBC}") = "TripLog.UWP", "TripLog\TripLog.UWP\TripLog.UWP.csproj", "{2DC0D1EF-80DA-4B5A-BE71-6F559F632052}"
EndProject
Project("{FAE04EC0-301F-11D3-BF4B-00C04F79EFBC}") = "TripLog.Android", "TripLog\TripLog.Android\TripLog.Android.csproj", "{054429CE-2F04-4F81-AC6B-F3748C242BD4}"
EndProject
Project("{FAE04EC0-301F-11D3-BF4B-00C04F79EFBC}") = "TripLog.iOS", "TripLog\TripLog.iOS\TripLog.iOS.csproj", "{1325B588-E585-4C87-B45D-ABA21BEB0350}"
EndProject
Project("{9A19103F-16F7-4668-BE54-9A1E7A4F7556}") = "TripLog", "TripLog\TripLog\TripLog.csproj", "{B77A0C29-1FBB-4BCF-AC67-722F72EC5DFA}"
EndProject
Project("{2150E333-8FDC-42A3-9474-1A3956D46DE8}") = "Backend", "Backend", "{16C367F4-8A02-4E06-892D-DCDFC3932A0C}"
EndProject
Project("{9A19103F-16F7-4668-BE54-9A1E7A4F7556}") = "TripLog.API", "TripLog\TripLog.API\TripLog.API.csproj", "{4BE97A13-4BD8-4206-BEC9-BD0BFFF6CC06}"
EndProject
Project("{2150E333-8FDC-42A3-9474-1A3956D46DE8}") = "_Solution Items", "_Solution Items", "{3DD90143-19CF-4E94-B5EB-E3195036AC2D}"
	ProjectSection(SolutionItems) = preProject
		README.md = README.md
	EndProjectSection
EndProject
Project("{9A19103F-16F7-4668-BE54-9A1E7A4F7556}") = "TripLog.Functions", "TripLog\TripLog.Functions\TripLog.Functions.csproj", "{99D5F49B-FB6A-4160-85B7-464D8AABE069}"
EndProject
Global
	GlobalSection(SolutionConfigurationPlatforms) = preSolution
		Debug|Any CPU = Debug|Any CPU
		Debug|ARM = Debug|ARM
		Debug|iPhone = Debug|iPhone
		Debug|iPhoneSimulator = Debug|iPhoneSimulator
		Debug|x64 = Debug|x64
		Debug|x86 = Debug|x86
		Release|Any CPU = Release|Any CPU
		Release|ARM = Release|ARM
		Release|iPhone = Release|iPhone
		Release|iPhoneSimulator = Release|iPhoneSimulator
		Release|x64 = Release|x64
		Release|x86 = Release|x86
	EndGlobalSection
	GlobalSection(ProjectConfigurationPlatforms) = postSolution
		{2DC0D1EF-80DA-4B5A-BE71-6F559F632052}.Debug|Any CPU.ActiveCfg = Debug|x86
		{2DC0D1EF-80DA-4B5A-BE71-6F559F632052}.Debug|Any CPU.Build.0 = Debug|x86
		{2DC0D1EF-80DA-4B5A-BE71-6F559F632052}.Debug|Any CPU.Deploy.0 = Debug|x86
		{2DC0D1EF-80DA-4B5A-BE71-6F559F632052}.Debug|ARM.ActiveCfg = Debug|ARM
		{2DC0D1EF-80DA-4B5A-BE71-6F559F632052}.Debug|ARM.Build.0 = Debug|ARM
		{2DC0D1EF-80DA-4B5A-BE71-6F559F632052}.Debug|ARM.Deploy.0 = Debug|ARM
		{2DC0D1EF-80DA-4B5A-BE71-6F559F632052}.Debug|iPhone.ActiveCfg = Debug|x86
		{2DC0D1EF-80DA-4B5A-BE71-6F559F632052}.Debug|iPhone.Build.0 = Debug|x86
		{2DC0D1EF-80DA-4B5A-BE71-6F559F632052}.Debug|iPhone.Deploy.0 = Debug|x86
		{2DC0D1EF-80DA-4B5A-BE71-6F559F632052}.Debug|iPhoneSimulator.ActiveCfg = Debug|x86
		{2DC0D1EF-80DA-4B5A-BE71-6F559F632052}.Debug|iPhoneSimulator.Build.0 = Debug|x86
		{2DC0D1EF-80DA-4B5A-BE71-6F559F632052}.Debug|iPhoneSimulator.Deploy.0 = Debug|x86
		{2DC0D1EF-80DA-4B5A-BE71-6F559F632052}.Debug|x64.ActiveCfg = Debug|x64
		{2DC0D1EF-80DA-4B5A-BE71-6F559F632052}.Debug|x64.Build.0 = Debug|x64
		{2DC0D1EF-80DA-4B5A-BE71-6F559F632052}.Debug|x64.Deploy.0 = Debug|x64
		{2DC0D1EF-80DA-4B5A-BE71-6F559F632052}.Debug|x86.ActiveCfg = Debug|x86
		{2DC0D1EF-80DA-4B5A-BE71-6F559F632052}.Debug|x86.Build.0 = Debug|x86
		{2DC0D1EF-80DA-4B5A-BE71-6F559F632052}.Debug|x86.Deploy.0 = Debug|x86
		{2DC0D1EF-80DA-4B5A-BE71-6F559F632052}.Release|Any CPU.ActiveCfg = Release|x86
		{2DC0D1EF-80DA-4B5A-BE71-6F559F632052}.Release|Any CPU.Build.0 = Release|x86
		{2DC0D1EF-80DA-4B5A-BE71-6F559F632052}.Release|Any CPU.Deploy.0 = Release|x86
		{2DC0D1EF-80DA-4B5A-BE71-6F559F632052}.Release|ARM.ActiveCfg = Release|ARM
		{2DC0D1EF-80DA-4B5A-BE71-6F559F632052}.Release|ARM.Build.0 = Release|ARM
		{2DC0D1EF-80DA-4B5A-BE71-6F559F632052}.Release|ARM.Deploy.0 = Release|ARM
		{2DC0D1EF-80DA-4B5A-BE71-6F559F632052}.Release|iPhone.ActiveCfg = Release|x86
		{2DC0D1EF-80DA-4B5A-BE71-6F559F632052}.Release|iPhone.Build.0 = Release|x86
		{2DC0D1EF-80DA-4B5A-BE71-6F559F632052}.Release|iPhone.Deploy.0 = Release|x86
		{2DC0D1EF-80DA-4B5A-BE71-6F559F632052}.Release|iPhoneSimulator.ActiveCfg = Release|x86
		{2DC0D1EF-80DA-4B5A-BE71-6F559F632052}.Release|iPhoneSimulator.Build.0 = Release|x86
		{2DC0D1EF-80DA-4B5A-BE71-6F559F632052}.Release|iPhoneSimulator.Deploy.0 = Release|x86
		{2DC0D1EF-80DA-4B5A-BE71-6F559F632052}.Release|x64.ActiveCfg = Release|x64
		{2DC0D1EF-80DA-4B5A-BE71-6F559F632052}.Release|x64.Build.0 = Release|x64
		{2DC0D1EF-80DA-4B5A-BE71-6F559F632052}.Release|x64.Deploy.0 = Release|x64
		{2DC0D1EF-80DA-4B5A-BE71-6F559F632052}.Release|x86.ActiveCfg = Release|x86
		{2DC0D1EF-80DA-4B5A-BE71-6F559F632052}.Release|x86.Build.0 = Release|x86
		{2DC0D1EF-80DA-4B5A-BE71-6F559F632052}.Release|x86.Deploy.0 = Release|x86
		{054429CE-2F04-4F81-AC6B-F3748C242BD4}.Debug|Any CPU.ActiveCfg = Debug|Any CPU
		{054429CE-2F04-4F81-AC6B-F3748C242BD4}.Debug|Any CPU.Build.0 = Debug|Any CPU
		{054429CE-2F04-4F81-AC6B-F3748C242BD4}.Debug|Any CPU.Deploy.0 = Debug|Any CPU
		{054429CE-2F04-4F81-AC6B-F3748C242BD4}.Debug|ARM.ActiveCfg = Debug|Any CPU
		{054429CE-2F04-4F81-AC6B-F3748C242BD4}.Debug|ARM.Build.0 = Debug|Any CPU
		{054429CE-2F04-4F81-AC6B-F3748C242BD4}.Debug|ARM.Deploy.0 = Debug|Any CPU
		{054429CE-2F04-4F81-AC6B-F3748C242BD4}.Debug|iPhone.ActiveCfg = Debug|Any CPU
		{054429CE-2F04-4F81-AC6B-F3748C242BD4}.Debug|iPhone.Build.0 = Debug|Any CPU
		{054429CE-2F04-4F81-AC6B-F3748C242BD4}.Debug|iPhone.Deploy.0 = Debug|Any CPU
		{054429CE-2F04-4F81-AC6B-F3748C242BD4}.Debug|iPhoneSimulator.ActiveCfg = Debug|Any CPU
		{054429CE-2F04-4F81-AC6B-F3748C242BD4}.Debug|iPhoneSimulator.Build.0 = Debug|Any CPU
		{054429CE-2F04-4F81-AC6B-F3748C242BD4}.Debug|iPhoneSimulator.Deploy.0 = Debug|Any CPU
		{054429CE-2F04-4F81-AC6B-F3748C242BD4}.Debug|x64.ActiveCfg = Debug|Any CPU
		{054429CE-2F04-4F81-AC6B-F3748C242BD4}.Debug|x64.Build.0 = Debug|Any CPU
		{054429CE-2F04-4F81-AC6B-F3748C242BD4}.Debug|x64.Deploy.0 = Debug|Any CPU
		{054429CE-2F04-4F81-AC6B-F3748C242BD4}.Debug|x86.ActiveCfg = Debug|Any CPU
		{054429CE-2F04-4F81-AC6B-F3748C242BD4}.Debug|x86.Build.0 = Debug|Any CPU
		{054429CE-2F04-4F81-AC6B-F3748C242BD4}.Debug|x86.Deploy.0 = Debug|Any CPU
		{054429CE-2F04-4F81-AC6B-F3748C242BD4}.Release|Any CPU.ActiveCfg = Release|Any CPU
		{054429CE-2F04-4F81-AC6B-F3748C242BD4}.Release|Any CPU.Build.0 = Release|Any CPU
		{054429CE-2F04-4F81-AC6B-F3748C242BD4}.Release|Any CPU.Deploy.0 = Release|Any CPU
		{054429CE-2F04-4F81-AC6B-F3748C242BD4}.Release|ARM.ActiveCfg = Release|Any CPU
		{054429CE-2F04-4F81-AC6B-F3748C242BD4}.Release|ARM.Build.0 = Release|Any CPU
		{054429CE-2F04-4F81-AC6B-F3748C242BD4}.Release|ARM.Deploy.0 = Release|Any CPU
		{054429CE-2F04-4F81-AC6B-F3748C242BD4}.Release|iPhone.ActiveCfg = Release|Any CPU
		{054429CE-2F04-4F81-AC6B-F3748C242BD4}.Release|iPhone.Build.0 = Release|Any CPU
		{054429CE-2F04-4F81-AC6B-F3748C242BD4}.Release|iPhone.Deploy.0 = Release|Any CPU
		{054429CE-2F04-4F81-AC6B-F3748C242BD4}.Release|iPhoneSimulator.ActiveCfg = Release|Any CPU
		{054429CE-2F04-4F81-AC6B-F3748C242BD4}.Release|iPhoneSimulator.Build.0 = Release|Any CPU
		{054429CE-2F04-4F81-AC6B-F3748C242BD4}.Release|iPhoneSimulator.Deploy.0 = Release|Any CPU
		{054429CE-2F04-4F81-AC6B-F3748C242BD4}.Release|x64.ActiveCfg = Release|Any CPU
		{054429CE-2F04-4F81-AC6B-F3748C242BD4}.Release|x64.Build.0 = Release|Any CPU
		{054429CE-2F04-4F81-AC6B-F3748C242BD4}.Release|x64.Deploy.0 = Release|Any CPU
		{054429CE-2F04-4F81-AC6B-F3748C242BD4}.Release|x86.ActiveCfg = Release|Any CPU
		{054429CE-2F04-4F81-AC6B-F3748C242BD4}.Release|x86.Build.0 = Release|Any CPU
		{054429CE-2F04-4F81-AC6B-F3748C242BD4}.Release|x86.Deploy.0 = Release|Any CPU
		{1325B588-E585-4C87-B45D-ABA21BEB0350}.Debug|Any CPU.ActiveCfg = Debug|iPhone
		{1325B588-E585-4C87-B45D-ABA21BEB0350}.Debug|Any CPU.Build.0 = Debug|iPhone
		{1325B588-E585-4C87-B45D-ABA21BEB0350}.Debug|Any CPU.Deploy.0 = Debug|iPhone
		{1325B588-E585-4C87-B45D-ABA21BEB0350}.Debug|ARM.ActiveCfg = Debug|iPhone
		{1325B588-E585-4C87-B45D-ABA21BEB0350}.Debug|ARM.Build.0 = Debug|iPhone
		{1325B588-E585-4C87-B45D-ABA21BEB0350}.Debug|ARM.Deploy.0 = Debug|iPhone
		{1325B588-E585-4C87-B45D-ABA21BEB0350}.Debug|iPhone.ActiveCfg = Debug|iPhone
		{1325B588-E585-4C87-B45D-ABA21BEB0350}.Debug|iPhone.Build.0 = Debug|iPhone
		{1325B588-E585-4C87-B45D-ABA21BEB0350}.Debug|iPhone.Deploy.0 = Debug|iPhone
		{1325B588-E585-4C87-B45D-ABA21BEB0350}.Debug|iPhoneSimulator.ActiveCfg = Debug|iPhoneSimulator
		{1325B588-E585-4C87-B45D-ABA21BEB0350}.Debug|iPhoneSimulator.Build.0 = Debug|iPhoneSimulator
		{1325B588-E585-4C87-B45D-ABA21BEB0350}.Debug|iPhoneSimulator.Deploy.0 = Debug|iPhoneSimulator
		{1325B588-E585-4C87-B45D-ABA21BEB0350}.Debug|x64.ActiveCfg = Debug|iPhone
		{1325B588-E585-4C87-B45D-ABA21BEB0350}.Debug|x64.Build.0 = Debug|iPhone
		{1325B588-E585-4C87-B45D-ABA21BEB0350}.Debug|x64.Deploy.0 = Debug|iPhone
		{1325B588-E585-4C87-B45D-ABA21BEB0350}.Debug|x86.ActiveCfg = Debug|iPhone
		{1325B588-E585-4C87-B45D-ABA21BEB0350}.Debug|x86.Build.0 = Debug|iPhone
		{1325B588-E585-4C87-B45D-ABA21BEB0350}.Debug|x86.Deploy.0 = Debug|iPhone
		{1325B588-E585-4C87-B45D-ABA21BEB0350}.Release|Any CPU.ActiveCfg = Release|iPhone
		{1325B588-E585-4C87-B45D-ABA21BEB0350}.Release|Any CPU.Build.0 = Release|iPhone
		{1325B588-E585-4C87-B45D-ABA21BEB0350}.Release|Any CPU.Deploy.0 = Release|iPhone
		{1325B588-E585-4C87-B45D-ABA21BEB0350}.Release|ARM.ActiveCfg = Release|iPhone
		{1325B588-E585-4C87-B45D-ABA21BEB0350}.Release|ARM.Build.0 = Release|iPhone
		{1325B588-E585-4C87-B45D-ABA21BEB0350}.Release|ARM.Deploy.0 = Release|iPhone
		{1325B588-E585-4C87-B45D-ABA21BEB0350}.Release|iPhone.ActiveCfg = Release|iPhone
		{1325B588-E585-4C87-B45D-ABA21BEB0350}.Release|iPhone.Build.0 = Release|iPhone
		{1325B588-E585-4C87-B45D-ABA21BEB0350}.Release|iPhone.Deploy.0 = Release|iPhone
		{1325B588-E585-4C87-B45D-ABA21BEB0350}.Release|iPhoneSimulator.ActiveCfg = Release|iPhoneSimulator
		{1325B588-E585-4C87-B45D-ABA21BEB0350}.Release|iPhoneSimulator.Build.0 = Release|iPhoneSimulator
		{1325B588-E585-4C87-B45D-ABA21BEB0350}.Release|iPhoneSimulator.Deploy.0 = Release|iPhoneSimulator
		{1325B588-E585-4C87-B45D-ABA21BEB0350}.Release|x64.ActiveCfg = Release|iPhone
		{1325B588-E585-4C87-B45D-ABA21BEB0350}.Release|x64.Build.0 = Release|iPhone
		{1325B588-E585-4C87-B45D-ABA21BEB0350}.Release|x64.Deploy.0 = Release|iPhone
		{1325B588-E585-4C87-B45D-ABA21BEB0350}.Release|x86.ActiveCfg = Release|iPhone
		{1325B588-E585-4C87-B45D-ABA21BEB0350}.Release|x86.Build.0 = Release|iPhone
		{1325B588-E585-4C87-B45D-ABA21BEB0350}.Release|x86.Deploy.0 = Release|iPhone
		{B77A0C29-1FBB-4BCF-AC67-722F72EC5DFA}.Debug|Any CPU.ActiveCfg = Debug|Any CPU
		{B77A0C29-1FBB-4BCF-AC67-722F72EC5DFA}.Debug|Any CPU.Build.0 = Debug|Any CPU
		{B77A0C29-1FBB-4BCF-AC67-722F72EC5DFA}.Debug|Any CPU.Deploy.0 = Debug|Any CPU
		{B77A0C29-1FBB-4BCF-AC67-722F72EC5DFA}.Debug|ARM.ActiveCfg = Debug|Any CPU
		{B77A0C29-1FBB-4BCF-AC67-722F72EC5DFA}.Debug|ARM.Build.0 = Debug|Any CPU
		{B77A0C29-1FBB-4BCF-AC67-722F72EC5DFA}.Debug|ARM.Deploy.0 = Debug|Any CPU
		{B77A0C29-1FBB-4BCF-AC67-722F72EC5DFA}.Debug|iPhone.ActiveCfg = Debug|Any CPU
		{B77A0C29-1FBB-4BCF-AC67-722F72EC5DFA}.Debug|iPhone.Build.0 = Debug|Any CPU
		{B77A0C29-1FBB-4BCF-AC67-722F72EC5DFA}.Debug|iPhone.Deploy.0 = Debug|Any CPU
		{B77A0C29-1FBB-4BCF-AC67-722F72EC5DFA}.Debug|iPhoneSimulator.ActiveCfg = Debug|Any CPU
		{B77A0C29-1FBB-4BCF-AC67-722F72EC5DFA}.Debug|iPhoneSimulator.Build.0 = Debug|Any CPU
		{B77A0C29-1FBB-4BCF-AC67-722F72EC5DFA}.Debug|iPhoneSimulator.Deploy.0 = Debug|Any CPU
		{B77A0C29-1FBB-4BCF-AC67-722F72EC5DFA}.Debug|x64.ActiveCfg = Debug|Any CPU
		{B77A0C29-1FBB-4BCF-AC67-722F72EC5DFA}.Debug|x64.Build.0 = Debug|Any CPU
		{B77A0C29-1FBB-4BCF-AC67-722F72EC5DFA}.Debug|x64.Deploy.0 = Debug|Any CPU
		{B77A0C29-1FBB-4BCF-AC67-722F72EC5DFA}.Debug|x86.ActiveCfg = Debug|Any CPU
		{B77A0C29-1FBB-4BCF-AC67-722F72EC5DFA}.Debug|x86.Build.0 = Debug|Any CPU
		{B77A0C29-1FBB-4BCF-AC67-722F72EC5DFA}.Debug|x86.Deploy.0 = Debug|Any CPU
		{B77A0C29-1FBB-4BCF-AC67-722F72EC5DFA}.Release|Any CPU.ActiveCfg = Release|Any CPU
		{B77A0C29-1FBB-4BCF-AC67-722F72EC5DFA}.Release|Any CPU.Build.0 = Release|Any CPU
		{B77A0C29-1FBB-4BCF-AC67-722F72EC5DFA}.Release|Any CPU.Deploy.0 = Release|Any CPU
		{B77A0C29-1FBB-4BCF-AC67-722F72EC5DFA}.Release|ARM.ActiveCfg = Release|Any CPU
		{B77A0C29-1FBB-4BCF-AC67-722F72EC5DFA}.Release|ARM.Build.0 = Release|Any CPU
		{B77A0C29-1FBB-4BCF-AC67-722F72EC5DFA}.Release|ARM.Deploy.0 = Release|Any CPU
		{B77A0C29-1FBB-4BCF-AC67-722F72EC5DFA}.Release|iPhone.ActiveCfg = Release|Any CPU
		{B77A0C29-1FBB-4BCF-AC67-722F72EC5DFA}.Release|iPhone.Build.0 = Release|Any CPU
		{B77A0C29-1FBB-4BCF-AC67-722F72EC5DFA}.Release|iPhone.Deploy.0 = Release|Any CPU
		{B77A0C29-1FBB-4BCF-AC67-722F72EC5DFA}.Release|iPhoneSimulator.ActiveCfg = Release|Any CPU
		{B77A0C29-1FBB-4BCF-AC67-722F72EC5DFA}.Release|iPhoneSimulator.Build.0 = Release|Any CPU
		{B77A0C29-1FBB-4BCF-AC67-722F72EC5DFA}.Release|iPhoneSimulator.Deploy.0 = Release|Any CPU
		{B77A0C29-1FBB-4BCF-AC67-722F72EC5DFA}.Release|x64.ActiveCfg = Release|Any CPU
		{B77A0C29-1FBB-4BCF-AC67-722F72EC5DFA}.Release|x64.Build.0 = Release|Any CPU
		{B77A0C29-1FBB-4BCF-AC67-722F72EC5DFA}.Release|x64.Deploy.0 = Release|Any CPU
		{B77A0C29-1FBB-4BCF-AC67-722F72EC5DFA}.Release|x86.ActiveCfg = Release|Any CPU
		{B77A0C29-1FBB-4BCF-AC67-722F72EC5DFA}.Release|x86.Build.0 = Release|Any CPU
		{B77A0C29-1FBB-4BCF-AC67-722F72EC5DFA}.Release|x86.Deploy.0 = Release|Any CPU
		{4BE97A13-4BD8-4206-BEC9-BD0BFFF6CC06}.Debug|Any CPU.ActiveCfg = Debug|Any CPU
		{4BE97A13-4BD8-4206-BEC9-BD0BFFF6CC06}.Debug|Any CPU.Build.0 = Debug|Any CPU
		{4BE97A13-4BD8-4206-BEC9-BD0BFFF6CC06}.Debug|ARM.ActiveCfg = Debug|Any CPU
		{4BE97A13-4BD8-4206-BEC9-BD0BFFF6CC06}.Debug|ARM.Build.0 = Debug|Any CPU
		{4BE97A13-4BD8-4206-BEC9-BD0BFFF6CC06}.Debug|iPhone.ActiveCfg = Debug|Any CPU
		{4BE97A13-4BD8-4206-BEC9-BD0BFFF6CC06}.Debug|iPhone.Build.0 = Debug|Any CPU
		{4BE97A13-4BD8-4206-BEC9-BD0BFFF6CC06}.Debug|iPhoneSimulator.ActiveCfg = Debug|Any CPU
		{4BE97A13-4BD8-4206-BEC9-BD0BFFF6CC06}.Debug|iPhoneSimulator.Build.0 = Debug|Any CPU
		{4BE97A13-4BD8-4206-BEC9-BD0BFFF6CC06}.Debug|x64.ActiveCfg = Debug|Any CPU
		{4BE97A13-4BD8-4206-BEC9-BD0BFFF6CC06}.Debug|x64.Build.0 = Debug|Any CPU
		{4BE97A13-4BD8-4206-BEC9-BD0BFFF6CC06}.Debug|x86.ActiveCfg = Debug|Any CPU
		{4BE97A13-4BD8-4206-BEC9-BD0BFFF6CC06}.Debug|x86.Build.0 = Debug|Any CPU
		{4BE97A13-4BD8-4206-BEC9-BD0BFFF6CC06}.Release|Any CPU.ActiveCfg = Release|Any CPU
		{4BE97A13-4BD8-4206-BEC9-BD0BFFF6CC06}.Release|Any CPU.Build.0 = Release|Any CPU
		{4BE97A13-4BD8-4206-BEC9-BD0BFFF6CC06}.Release|ARM.ActiveCfg = Release|Any CPU
		{4BE97A13-4BD8-4206-BEC9-BD0BFFF6CC06}.Release|ARM.Build.0 = Release|Any CPU
		{4BE97A13-4BD8-4206-BEC9-BD0BFFF6CC06}.Release|iPhone.ActiveCfg = Release|Any CPU
		{4BE97A13-4BD8-4206-BEC9-BD0BFFF6CC06}.Release|iPhone.Build.0 = Release|Any CPU
		{4BE97A13-4BD8-4206-BEC9-BD0BFFF6CC06}.Release|iPhoneSimulator.ActiveCfg = Release|Any CPU
		{4BE97A13-4BD8-4206-BEC9-BD0BFFF6CC06}.Release|iPhoneSimulator.Build.0 = Release|Any CPU
		{4BE97A13-4BD8-4206-BEC9-BD0BFFF6CC06}.Release|x64.ActiveCfg = Release|Any CPU
		{4BE97A13-4BD8-4206-BEC9-BD0BFFF6CC06}.Release|x64.Build.0 = Release|Any CPU
		{4BE97A13-4BD8-4206-BEC9-BD0BFFF6CC06}.Release|x86.ActiveCfg = Release|Any CPU
		{4BE97A13-4BD8-4206-BEC9-BD0BFFF6CC06}.Release|x86.Build.0 = Release|Any CPU
		{99D5F49B-FB6A-4160-85B7-464D8AABE069}.Debug|Any CPU.ActiveCfg = Debug|Any CPU
		{99D5F49B-FB6A-4160-85B7-464D8AABE069}.Debug|Any CPU.Build.0 = Debug|Any CPU
		{99D5F49B-FB6A-4160-85B7-464D8AABE069}.Debug|ARM.ActiveCfg = Debug|Any CPU
		{99D5F49B-FB6A-4160-85B7-464D8AABE069}.Debug|ARM.Build.0 = Debug|Any CPU
		{99D5F49B-FB6A-4160-85B7-464D8AABE069}.Debug|iPhone.ActiveCfg = Debug|Any CPU
		{99D5F49B-FB6A-4160-85B7-464D8AABE069}.Debug|iPhone.Build.0 = Debug|Any CPU
		{99D5F49B-FB6A-4160-85B7-464D8AABE069}.Debug|iPhoneSimulator.ActiveCfg = Debug|Any CPU
		{99D5F49B-FB6A-4160-85B7-464D8AABE069}.Debug|iPhoneSimulator.Build.0 = Debug|Any CPU
		{99D5F49B-FB6A-4160-85B7-464D8AABE069}.Debug|x64.ActiveCfg = Debug|Any CPU
		{99D5F49B-FB6A-4160-85B7-464D8AABE069}.Debug|x64.Build.0 = Debug|Any CPU
		{99D5F49B-FB6A-4160-85B7-464D8AABE069}.Debug|x86.ActiveCfg = Debug|Any CPU
		{99D5F49B-FB6A-4160-85B7-464D8AABE069}.Debug|x86.Build.0 = Debug|Any CPU
		{99D5F49B-FB6A-4160-85B7-464D8AABE069}.Release|Any CPU.ActiveCfg = Release|Any CPU
		{99D5F49B-FB6A-4160-85B7-464D8AABE069}.Release|Any CPU.Build.0 = Release|Any CPU
		{99D5F49B-FB6A-4160-85B7-464D8AABE069}.Release|ARM.ActiveCfg = Release|Any CPU
		{99D5F49B-FB6A-4160-85B7-464D8AABE069}.Release|ARM.Build.0 = Release|Any CPU
		{99D5F49B-FB6A-4160-85B7-464D8AABE069}.Release|iPhone.ActiveCfg = Release|Any CPU
		{99D5F49B-FB6A-4160-85B7-464D8AABE069}.Release|iPhone.Build.0 = Release|Any CPU
		{99D5F49B-FB6A-4160-85B7-464D8AABE069}.Release|iPhoneSimulator.ActiveCfg = Release|Any CPU
		{99D5F49B-FB6A-4160-85B7-464D8AABE069}.Release|iPhoneSimulator.Build.0 = Release|Any CPU
		{99D5F49B-FB6A-4160-85B7-464D8AABE069}.Release|x64.ActiveCfg = Release|Any CPU
		{99D5F49B-FB6A-4160-85B7-464D8AABE069}.Release|x64.Build.0 = Release|Any CPU
		{99D5F49B-FB6A-4160-85B7-464D8AABE069}.Release|x86.ActiveCfg = Release|Any CPU
		{99D5F49B-FB6A-4160-85B7-464D8AABE069}.Release|x86.Build.0 = Release|Any CPU
	EndGlobalSection
	GlobalSection(SolutionProperties) = preSolution
		HideSolutionNode = FALSE
	EndGlobalSection
	GlobalSection(NestedProjects) = preSolution
		{4BE97A13-4BD8-4206-BEC9-BD0BFFF6CC06} = {16C367F4-8A02-4E06-892D-DCDFC3932A0C}
		{99D5F49B-FB6A-4160-85B7-464D8AABE069} = {16C367F4-8A02-4E06-892D-DCDFC3932A0C}
	EndGlobalSection
	GlobalSection(ExtensibilityGlobals) = postSolution
		SolutionGuid = {2B87F38F-3516-46D5-A3E6-FAF7CF05C6F9}
	EndGlobalSection
EndGlobal
